
Microsoft Visual Studio Solution File, Format Version 12.00
# Visual Studio Version 17
VisualStudioVersion = 17.14.36518.9 d17.14
MinimumVisualStudioVersion = 10.0.40219.1
Project("{FAE04EC0-301F-11D3-BF4B-00C04F79EFBC}") = "COClassPatchVSC", "COClassFairness\COClassPatchVSC.csproj", "{CF9C0E84-1E03-4FA1-8FD6-EA94C73BE712}"
EndProject
Project("{FAE04EC0-301F-11D3-BF4B-00C04F79EFBC}") = "CakeBuild", "ZZCakeBuild\CakeBuild.csproj", "{0522AB8F-247D-4B87-BB6D-F039C8FD1BD6}"
EndProject
Global
	GlobalSection(SolutionConfigurationPlatforms) = preSolution
		Debug|Any CPU = Debug|Any CPU
		Release|Any CPU = Release|Any CPU
	EndGlobalSection
	GlobalSection(ProjectConfigurationPlatforms) = postSolution
		{CF9C0E84-1E03-4FA1-8FD6-EA94C73BE712}.Debug|Any CPU.ActiveCfg = Debug|Any CPU
		{CF9C0E84-1E03-4FA1-8FD6-EA94C73BE712}.Debug|Any CPU.Build.0 = Debug|Any CPU
		{CF9C0E84-1E03-4FA1-8FD6-EA94C73BE712}.Release|Any CPU.ActiveCfg = Release|Any CPU
		{CF9C0E84-1E03-4FA1-8FD6-EA94C73BE712}.Release|Any CPU.Build.0 = Release|Any CPU
		{0522AB8F-247D-4B87-BB6D-F039C8FD1BD6}.Debug|Any CPU.ActiveCfg = Debug|Any CPU
		{0522AB8F-247D-4B87-BB6D-F039C8FD1BD6}.Debug|Any CPU.Build.0 = Debug|Any CPU
		{0522AB8F-247D-4B87-BB6D-F039C8FD1BD6}.Release|Any CPU.ActiveCfg = Release|Any CPU
		{0522AB8F-247D-4B87-BB6D-F039C8FD1BD6}.Release|Any CPU.Build.0 = Release|Any CPU
	EndGlobalSection
	GlobalSection(SolutionProperties) = preSolution
		HideSolutionNode = FALSE
	EndGlobalSection
	GlobalSection(ExtensibilityGlobals) = postSolution
		SolutionGuid = {12979BB0-DACF-4D45-B57A-1B8D4B9B4D2E}
	EndGlobalSection
EndGlobal
